
Microsoft Visual Studio Solution File, Format Version 12.00
# Visual Studio Version 17
VisualStudioVersion = 17.4.33205.214
MinimumVisualStudioVersion = 10.0.40219.1
Project("{FAE04EC0-301F-11D3-BF4B-00C04F79EFBC}") = "RetailStore_Juan_Jacinto", "RetailStore_Juan_Jacinto\RetailStore_Juan_Jacinto.csproj", "{6E8B8177-67C4-40EF-8EE6-1A191E913EB8}"
EndProject
Global
	GlobalSection(SolutionConfigurationPlatforms) = preSolution
		Debug|Any CPU = Debug|Any CPU
		Release|Any CPU = Release|Any CPU
	EndGlobalSection
	GlobalSection(ProjectConfigurationPlatforms) = postSolution
		{6E8B8177-67C4-40EF-8EE6-1A191E913EB8}.Debug|Any CPU.ActiveCfg = Debug|Any CPU
		{6E8B8177-67C4-40EF-8EE6-1A191E913EB8}.Debug|Any CPU.Build.0 = Debug|Any CPU
		{6E8B8177-67C4-40EF-8EE6-1A191E913EB8}.Release|Any CPU.ActiveCfg = Release|Any CPU
		{6E8B8177-67C4-40EF-8EE6-1A191E913EB8}.Release|Any CPU.Build.0 = Release|Any CPU
	EndGlobalSection
	GlobalSection(SolutionProperties) = preSolution
		HideSolutionNode = FALSE
	EndGlobalSection
	GlobalSection(ExtensibilityGlobals) = postSolution
		SolutionGuid = {89264E51-4C31-4635-96BC-068A2347A14D}
	EndGlobalSection
EndGlobal
